// !$*UTF8*$!
{
	archiveVersion = 1;
	classes = {
	};
	objectVersion = 48;
	objects = {

/* Begin PBXBuildFile section */
		1763F884209B90B200A49923 /* AppDelegate.swift in Sources */ = {isa = PBXBuildFile; fileRef = 1763F883209B90B200A49923 /* AppDelegate.swift */; };
		1763F886209B90B200A49923 /* ViewController.swift in Sources */ = {isa = PBXBuildFile; fileRef = 1763F885209B90B200A49923 /* ViewController.swift */; };
		1763F889209B90B200A49923 /* Main.storyboard in Resources */ = {isa = PBXBuildFile; fileRef = 1763F887209B90B200A49923 /* Main.storyboard */; };
		1763F88B209B90B200A49923 /* Assets.xcassets in Resources */ = {isa = PBXBuildFile; fileRef = 1763F88A209B90B200A49923 /* Assets.xcassets */; };
		1763F88E209B90B200A49923 /* LaunchScreen.storyboard in Resources */ = {isa = PBXBuildFile; fileRef = 1763F88C209B90B200A49923 /* LaunchScreen.storyboard */; };
		1763F899209B90B200A49923 /* TinderTests.swift in Sources */ = {isa = PBXBuildFile; fileRef = 1763F898209B90B200A49923 /* TinderTests.swift */; };
		1763F8A4209B90B200A49923 /* TinderUITests.swift in Sources */ = {isa = PBXBuildFile; fileRef = 1763F8A3209B90B200A49923 /* TinderUITests.swift */; };
		1763F8B4209B949800A49923 /* CardsViewController.swift in Sources */ = {isa = PBXBuildFile; fileRef = 1763F8B3209B949800A49923 /* CardsViewController.swift */; };
		66B83974F90AC5D464617B07 /* Pods_TinderUITests.framework in Frameworks */ = {isa = PBXBuildFile; fileRef = 94BAEBB50A86C649FAC3648C /* Pods_TinderUITests.framework */; };
		DE901AD68795AB6FDBD04373 /* Pods_Tinder.framework in Frameworks */ = {isa = PBXBuildFile; fileRef = 30E7015D882429D44303918B /* Pods_Tinder.framework */; };
		E42389FD1520705B5DB42AE6 /* Pods_TinderTests.framework in Frameworks */ = {isa = PBXBuildFile; fileRef = 1D7CCF9E9678955C8B07B7BE /* Pods_TinderTests.framework */; };
/* End PBXBuildFile section */

/* Begin PBXContainerItemProxy section */
		1763F895209B90B200A49923 /* PBXContainerItemProxy */ = {
			isa = PBXContainerItemProxy;
			containerPortal = 1763F878209B90B200A49923 /* Project object */;
			proxyType = 1;
			remoteGlobalIDString = 1763F87F209B90B200A49923;
			remoteInfo = Tinder;
		};
		1763F8A0209B90B200A49923 /* PBXContainerItemProxy */ = {
			isa = PBXContainerItemProxy;
			containerPortal = 1763F878209B90B200A49923 /* Project object */;
			proxyType = 1;
			remoteGlobalIDString = 1763F87F209B90B200A49923;
			remoteInfo = Tinder;
		};
/* End PBXContainerItemProxy section */

/* Begin PBXFileReference section */
		1763F880209B90B200A49923 /* Tinder.app */ = {isa = PBXFileReference; explicitFileType = wrapper.application; includeInIndex = 0; path = Tinder.app; sourceTree = BUILT_PRODUCTS_DIR; };
		1763F883209B90B200A49923 /* AppDelegate.swift */ = {isa = PBXFileReference; lastKnownFileType = sourcecode.swift; path = AppDelegate.swift; sourceTree = "<group>"; };
		1763F885209B90B200A49923 /* ViewController.swift */ = {isa = PBXFileReference; lastKnownFileType = sourcecode.swift; path = ViewController.swift; sourceTree = "<group>"; };
		1763F888209B90B200A49923 /* Base */ = {isa = PBXFileReference; lastKnownFileType = file.storyboard; name = Base; path = Base.lproj/Main.storyboard; sourceTree = "<group>"; };
		1763F88A209B90B200A49923 /* Assets.xcassets */ = {isa = PBXFileReference; lastKnownFileType = folder.assetcatalog; path = Assets.xcassets; sourceTree = "<group>"; };
		1763F88D209B90B200A49923 /* Base */ = {isa = PBXFileReference; lastKnownFileType = file.storyboard; name = Base; path = Base.lproj/LaunchScreen.storyboard; sourceTree = "<group>"; };
		1763F88F209B90B200A49923 /* Info.plist */ = {isa = PBXFileReference; lastKnownFileType = text.plist.xml; path = Info.plist; sourceTree = "<group>"; };
		1763F894209B90B200A49923 /* TinderTests.xctest */ = {isa = PBXFileReference; explicitFileType = wrapper.cfbundle; includeInIndex = 0; path = TinderTests.xctest; sourceTree = BUILT_PRODUCTS_DIR; };
		1763F898209B90B200A49923 /* TinderTests.swift */ = {isa = PBXFileReference; lastKnownFileType = sourcecode.swift; path = TinderTests.swift; sourceTree = "<group>"; };
		1763F89A209B90B200A49923 /* Info.plist */ = {isa = PBXFileReference; lastKnownFileType = text.plist.xml; path = Info.plist; sourceTree = "<group>"; };
		1763F89F209B90B200A49923 /* TinderUITests.xctest */ = {isa = PBXFileReference; explicitFileType = wrapper.cfbundle; includeInIndex = 0; path = TinderUITests.xctest; sourceTree = BUILT_PRODUCTS_DIR; };
		1763F8A3209B90B200A49923 /* TinderUITests.swift */ = {isa = PBXFileReference; lastKnownFileType = sourcecode.swift; path = TinderUITests.swift; sourceTree = "<group>"; };
		1763F8A5209B90B200A49923 /* Info.plist */ = {isa = PBXFileReference; lastKnownFileType = text.plist.xml; path = Info.plist; sourceTree = "<group>"; };
		1763F8B1209B911700A49923 /* README.md */ = {isa = PBXFileReference; lastKnownFileType = net.daringfireball.markdown; path = README.md; sourceTree = "<group>"; };
		1763F8B3209B949800A49923 /* CardsViewController.swift */ = {isa = PBXFileReference; lastKnownFileType = sourcecode.swift; path = CardsViewController.swift; sourceTree = "<group>"; };
		1D7CCF9E9678955C8B07B7BE /* Pods_TinderTests.framework */ = {isa = PBXFileReference; explicitFileType = wrapper.framework; includeInIndex = 0; path = Pods_TinderTests.framework; sourceTree = BUILT_PRODUCTS_DIR; };
		30E7015D882429D44303918B /* Pods_Tinder.framework */ = {isa = PBXFileReference; explicitFileType = wrapper.framework; includeInIndex = 0; path = Pods_Tinder.framework; sourceTree = BUILT_PRODUCTS_DIR; };
		59FF09804DFE5643EA6C07EA /* Pods-Tinder.release.xcconfig */ = {isa = PBXFileReference; includeInIndex = 1; lastKnownFileType = text.xcconfig; name = "Pods-Tinder.release.xcconfig"; path = "Pods/Target Support Files/Pods-Tinder/Pods-Tinder.release.xcconfig"; sourceTree = "<group>"; };
		71B92EDF570A147A262063C7 /* Pods-TinderTests.release.xcconfig */ = {isa = PBXFileReference; includeInIndex = 1; lastKnownFileType = text.xcconfig; name = "Pods-TinderTests.release.xcconfig"; path = "Pods/Target Support Files/Pods-TinderTests/Pods-TinderTests.release.xcconfig"; sourceTree = "<group>"; };
		94BAEBB50A86C649FAC3648C /* Pods_TinderUITests.framework */ = {isa = PBXFileReference; explicitFileType = wrapper.framework; includeInIndex = 0; path = Pods_TinderUITests.framework; sourceTree = BUILT_PRODUCTS_DIR; };
		A3CC2D29DFEC7DBED482E12F /* Pods-TinderUITests.debug.xcconfig */ = {isa = PBXFileReference; includeInIndex = 1; lastKnownFileType = text.xcconfig; name = "Pods-TinderUITests.debug.xcconfig"; path = "Pods/Target Support Files/Pods-TinderUITests/Pods-TinderUITests.debug.xcconfig"; sourceTree = "<group>"; };
		D2A2324EBC88098AD58E02C2 /* Pods-TinderTests.debug.xcconfig */ = {isa = PBXFileReference; includeInIndex = 1; lastKnownFileType = text.xcconfig; name = "Pods-TinderTests.debug.xcconfig"; path = "Pods/Target Support Files/Pods-TinderTests/Pods-TinderTests.debug.xcconfig"; sourceTree = "<group>"; };
		DB746CFDFE445755542D9AA9 /* Pods-TinderUITests.release.xcconfig */ = {isa = PBXFileReference; includeInIndex = 1; lastKnownFileType = text.xcconfig; name = "Pods-TinderUITests.release.xcconfig"; path = "Pods/Target Support Files/Pods-TinderUITests/Pods-TinderUITests.release.xcconfig"; sourceTree = "<group>"; };
		F6026B7308B0672A044D4DF5 /* Pods-Tinder.debug.xcconfig */ = {isa = PBXFileReference; includeInIndex = 1; lastKnownFileType = text.xcconfig; name = "Pods-Tinder.debug.xcconfig"; path = "Pods/Target Support Files/Pods-Tinder/Pods-Tinder.debug.xcconfig"; sourceTree = "<group>"; };
/* End PBXFileReference section */

/* Begin PBXFrameworksBuildPhase section */
		1763F87D209B90B200A49923 /* Frameworks */ = {
			isa = PBXFrameworksBuildPhase;
			buildActionMask = 2147483647;
			files = (
				DE901AD68795AB6FDBD04373 /* Pods_Tinder.framework in Frameworks */,
			);
			runOnlyForDeploymentPostprocessing = 0;
		};
		1763F891209B90B200A49923 /* Frameworks */ = {
			isa = PBXFrameworksBuildPhase;
			buildActionMask = 2147483647;
			files = (
				E42389FD1520705B5DB42AE6 /* Pods_TinderTests.framework in Frameworks */,
			);
			runOnlyForDeploymentPostprocessing = 0;
		};
		1763F89C209B90B200A49923 /* Frameworks */ = {
			isa = PBXFrameworksBuildPhase;
			buildActionMask = 2147483647;
			files = (
				66B83974F90AC5D464617B07 /* Pods_TinderUITests.framework in Frameworks */,
			);
			runOnlyForDeploymentPostprocessing = 0;
		};
/* End PBXFrameworksBuildPhase section */

/* Begin PBXGroup section */
		1763F877209B90B200A49923 = {
			isa = PBXGroup;
			children = (
				1763F8B1209B911700A49923 /* README.md */,
				1763F882209B90B200A49923 /* Tinder */,
				1763F897209B90B200A49923 /* TinderTests */,
				1763F8A2209B90B200A49923 /* TinderUITests */,
				1763F881209B90B200A49923 /* Products */,
				AE6B05F292B89A4EA42C81F1 /* Pods */,
				D4398FD1E23D99C2700CF40F /* Frameworks */,
			);
			sourceTree = "<group>";
		};
		1763F881209B90B200A49923 /* Products */ = {
			isa = PBXGroup;
			children = (
				1763F880209B90B200A49923 /* Tinder.app */,
				1763F894209B90B200A49923 /* TinderTests.xctest */,
				1763F89F209B90B200A49923 /* TinderUITests.xctest */,
			);
			name = Products;
			sourceTree = "<group>";
		};
		1763F882209B90B200A49923 /* Tinder */ = {
			isa = PBXGroup;
			children = (
				1763F8B2209B947A00A49923 /* View Controllers */,
				1763F883209B90B200A49923 /* AppDelegate.swift */,
				1763F885209B90B200A49923 /* ViewController.swift */,
				1763F887209B90B200A49923 /* Main.storyboard */,
				1763F88A209B90B200A49923 /* Assets.xcassets */,
				1763F88C209B90B200A49923 /* LaunchScreen.storyboard */,
				1763F88F209B90B200A49923 /* Info.plist */,
			);
			path = Tinder;
			sourceTree = "<group>";
		};
		1763F897209B90B200A49923 /* TinderTests */ = {
			isa = PBXGroup;
			children = (
				1763F898209B90B200A49923 /* TinderTests.swift */,
				1763F89A209B90B200A49923 /* Info.plist */,
			);
			path = TinderTests;
			sourceTree = "<group>";
		};
		1763F8A2209B90B200A49923 /* TinderUITests */ = {
			isa = PBXGroup;
			children = (
				1763F8A3209B90B200A49923 /* TinderUITests.swift */,
				1763F8A5209B90B200A49923 /* Info.plist */,
			);
			path = TinderUITests;
			sourceTree = "<group>";
		};
		1763F8B2209B947A00A49923 /* View Controllers */ = {
			isa = PBXGroup;
			children = (
				1763F8B3209B949800A49923 /* CardsViewController.swift */,
			);
			path = "View Controllers";
			sourceTree = "<group>";
		};
		AE6B05F292B89A4EA42C81F1 /* Pods */ = {
			isa = PBXGroup;
			children = (
				F6026B7308B0672A044D4DF5 /* Pods-Tinder.debug.xcconfig */,
				59FF09804DFE5643EA6C07EA /* Pods-Tinder.release.xcconfig */,
				D2A2324EBC88098AD58E02C2 /* Pods-TinderTests.debug.xcconfig */,
				71B92EDF570A147A262063C7 /* Pods-TinderTests.release.xcconfig */,
				A3CC2D29DFEC7DBED482E12F /* Pods-TinderUITests.debug.xcconfig */,
				DB746CFDFE445755542D9AA9 /* Pods-TinderUITests.release.xcconfig */,
			);
			name = Pods;
			sourceTree = "<group>";
		};
		D4398FD1E23D99C2700CF40F /* Frameworks */ = {
			isa = PBXGroup;
			children = (
				30E7015D882429D44303918B /* Pods_Tinder.framework */,
				1D7CCF9E9678955C8B07B7BE /* Pods_TinderTests.framework */,
				94BAEBB50A86C649FAC3648C /* Pods_TinderUITests.framework */,
			);
			name = Frameworks;
			sourceTree = "<group>";
		};
/* End PBXGroup section */

/* Begin PBXNativeTarget section */
		1763F87F209B90B200A49923 /* Tinder */ = {
			isa = PBXNativeTarget;
			buildConfigurationList = 1763F8A8209B90B200A49923 /* Build configuration list for PBXNativeTarget "Tinder" */;
			buildPhases = (
				15CD9038C15F9069599DFE06 /* [CP] Check Pods Manifest.lock */,
				1763F87C209B90B200A49923 /* Sources */,
				1763F87D209B90B200A49923 /* Frameworks */,
				1763F87E209B90B200A49923 /* Resources */,
				9AD387B00CFAB14300F414BA /* [CP] Embed Pods Frameworks */,
				DD742D1600D6BFFEEA473175 /* [CP] Copy Pods Resources */,
			);
			buildRules = (
			);
			dependencies = (
			);
			name = Tinder;
			productName = Tinder;
			productReference = 1763F880209B90B200A49923 /* Tinder.app */;
			productType = "com.apple.product-type.application";
		};
		1763F893209B90B200A49923 /* TinderTests */ = {
			isa = PBXNativeTarget;
			buildConfigurationList = 1763F8AB209B90B200A49923 /* Build configuration list for PBXNativeTarget "TinderTests" */;
			buildPhases = (
				8D5D3E489760DC8339997445 /* [CP] Check Pods Manifest.lock */,
				1763F890209B90B200A49923 /* Sources */,
				1763F891209B90B200A49923 /* Frameworks */,
				1763F892209B90B200A49923 /* Resources */,
				AC1F367832AAB1CDF025AEA8 /* [CP] Embed Pods Frameworks */,
				73489A7D4A435B16261E5C60 /* [CP] Copy Pods Resources */,
			);
			buildRules = (
			);
			dependencies = (
				1763F896209B90B200A49923 /* PBXTargetDependency */,
			);
			name = TinderTests;
			productName = TinderTests;
			productReference = 1763F894209B90B200A49923 /* TinderTests.xctest */;
			productType = "com.apple.product-type.bundle.unit-test";
		};
		1763F89E209B90B200A49923 /* TinderUITests */ = {
			isa = PBXNativeTarget;
			buildConfigurationList = 1763F8AE209B90B200A49923 /* Build configuration list for PBXNativeTarget "TinderUITests" */;
			buildPhases = (
				4A2DF39FB0E161D2FDC20BF4 /* [CP] Check Pods Manifest.lock */,
				1763F89B209B90B200A49923 /* Sources */,
				1763F89C209B90B200A49923 /* Frameworks */,
				1763F89D209B90B200A49923 /* Resources */,
				EAF41038A48A7BD6C8035976 /* [CP] Embed Pods Frameworks */,
				037076C149DC9D96E5675A5C /* [CP] Copy Pods Resources */,
			);
			buildRules = (
			);
			dependencies = (
				1763F8A1209B90B200A49923 /* PBXTargetDependency */,
			);
			name = TinderUITests;
			productName = TinderUITests;
			productReference = 1763F89F209B90B200A49923 /* TinderUITests.xctest */;
			productType = "com.apple.product-type.bundle.ui-testing";
		};
/* End PBXNativeTarget section */

/* Begin PBXProject section */
		1763F878209B90B200A49923 /* Project object */ = {
			isa = PBXProject;
			attributes = {
				LastSwiftUpdateCheck = 0920;
				LastUpgradeCheck = 0920;
				ORGANIZATIONNAME = user132893;
				TargetAttributes = {
					1763F87F209B90B200A49923 = {
						CreatedOnToolsVersion = 9.2;
						ProvisioningStyle = Automatic;
					};
					1763F893209B90B200A49923 = {
						CreatedOnToolsVersion = 9.2;
						ProvisioningStyle = Automatic;
						TestTargetID = 1763F87F209B90B200A49923;
					};
					1763F89E209B90B200A49923 = {
						CreatedOnToolsVersion = 9.2;
						ProvisioningStyle = Automatic;
						TestTargetID = 1763F87F209B90B200A49923;
					};
				};
			};
			buildConfigurationList = 1763F87B209B90B200A49923 /* Build configuration list for PBXProject "Tinder" */;
			compatibilityVersion = "Xcode 8.0";
			developmentRegion = en;
			hasScannedForEncodings = 0;
			knownRegions = (
				en,
				Base,
			);
			mainGroup = 1763F877209B90B200A49923;
			productRefGroup = 1763F881209B90B200A49923 /* Products */;
			projectDirPath = "";
			projectRoot = "";
			targets = (
				1763F87F209B90B200A49923 /* Tinder */,
				1763F893209B90B200A49923 /* TinderTests */,
				1763F89E209B90B200A49923 /* TinderUITests */,
			);
		};
/* End PBXProject section */

/* Begin PBXResourcesBuildPhase section */
		1763F87E209B90B200A49923 /* Resources */ = {
			isa = PBXResourcesBuildPhase;
			buildActionMask = 2147483647;
			files = (
				1763F88E209B90B200A49923 /* LaunchScreen.storyboard in Resources */,
				1763F88B209B90B200A49923 /* Assets.xcassets in Resources */,
				1763F889209B90B200A49923 /* Main.storyboard in Resources */,
			);
			runOnlyForDeploymentPostprocessing = 0;
		};
		1763F892209B90B200A49923 /* Resources */ = {
			isa = PBXResourcesBuildPhase;
			buildActionMask = 2147483647;
			files = (
			);
			runOnlyForDeploymentPostprocessing = 0;
		};
		1763F89D209B90B200A49923 /* Resources */ = {
			isa = PBXResourcesBuildPhase;
			buildActionMask = 2147483647;
			files = (
			);
			runOnlyForDeploymentPostprocessing = 0;
		};
/* End PBXResourcesBuildPhase section */

/* Begin PBXShellScriptBuildPhase section */
		037076C149DC9D96E5675A5C /* [CP] Copy Pods Resources */ = {
			isa = PBXShellScriptBuildPhase;
			buildActionMask = 2147483647;
			files = (
			);
			inputPaths = (
			);
			name = "[CP] Copy Pods Resources";
			outputPaths = (
			);
			runOnlyForDeploymentPostprocessing = 0;
			shellPath = /bin/sh;
			shellScript = "\"${SRCROOT}/Pods/Target Support Files/Pods-TinderUITests/Pods-TinderUITests-resources.sh\"\n";
			showEnvVarsInLog = 0;
		};
		15CD9038C15F9069599DFE06 /* [CP] Check Pods Manifest.lock */ = {
			isa = PBXShellScriptBuildPhase;
			buildActionMask = 2147483647;
			files = (
			);
			inputPaths = (
				"${PODS_PODFILE_DIR_PATH}/Podfile.lock",
				"${PODS_ROOT}/Manifest.lock",
			);
			name = "[CP] Check Pods Manifest.lock";
			outputPaths = (
				"$(DERIVED_FILE_DIR)/Pods-Tinder-checkManifestLockResult.txt",
			);
			runOnlyForDeploymentPostprocessing = 0;
			shellPath = /bin/sh;
			shellScript = "diff \"${PODS_PODFILE_DIR_PATH}/Podfile.lock\" \"${PODS_ROOT}/Manifest.lock\" > /dev/null\nif [ $? != 0 ] ; then\n    # print error to STDERR\n    echo \"error: The sandbox is not in sync with the Podfile.lock. Run 'pod install' or update your CocoaPods installation.\" >&2\n    exit 1\nfi\n# This output is used by Xcode 'outputs' to avoid re-running this script phase.\necho \"SUCCESS\" > \"${SCRIPT_OUTPUT_FILE_0}\"\n";
			showEnvVarsInLog = 0;
		};
		4A2DF39FB0E161D2FDC20BF4 /* [CP] Check Pods Manifest.lock */ = {
			isa = PBXShellScriptBuildPhase;
			buildActionMask = 2147483647;
			files = (
			);
			inputPaths = (
				"${PODS_PODFILE_DIR_PATH}/Podfile.lock",
				"${PODS_ROOT}/Manifest.lock",
			);
			name = "[CP] Check Pods Manifest.lock";
			outputPaths = (
				"$(DERIVED_FILE_DIR)/Pods-TinderUITests-checkManifestLockResult.txt",
			);
			runOnlyForDeploymentPostprocessing = 0;
			shellPath = /bin/sh;
			shellScript = "diff \"${PODS_PODFILE_DIR_PATH}/Podfile.lock\" \"${PODS_ROOT}/Manifest.lock\" > /dev/null\nif [ $? != 0 ] ; then\n    # print error to STDERR\n    echo \"error: The sandbox is not in sync with the Podfile.lock. Run 'pod install' or update your CocoaPods installation.\" >&2\n    exit 1\nfi\n# This output is used by Xcode 'outputs' to avoid re-running this script phase.\necho \"SUCCESS\" > \"${SCRIPT_OUTPUT_FILE_0}\"\n";
			showEnvVarsInLog = 0;
		};
		73489A7D4A435B16261E5C60 /* [CP] Copy Pods Resources */ = {
			isa = PBXShellScriptBuildPhase;
			buildActionMask = 2147483647;
			files = (
			);
			inputPaths = (
			);
			name = "[CP] Copy Pods Resources";
			outputPaths = (
			);
			runOnlyForDeploymentPostprocessing = 0;
			shellPath = /bin/sh;
			shellScript = "\"${SRCROOT}/Pods/Target Support Files/Pods-TinderTests/Pods-TinderTests-resources.sh\"\n";
			showEnvVarsInLog = 0;
		};
		8D5D3E489760DC8339997445 /* [CP] Check Pods Manifest.lock */ = {
			isa = PBXShellScriptBuildPhase;
			buildActionMask = 2147483647;
			files = (
			);
			inputPaths = (
				"${PODS_PODFILE_DIR_PATH}/Podfile.lock",
				"${PODS_ROOT}/Manifest.lock",
			);
			name = "[CP] Check Pods Manifest.lock";
			outputPaths = (
				"$(DERIVED_FILE_DIR)/Pods-TinderTests-checkManifestLockResult.txt",
			);
			runOnlyForDeploymentPostprocessing = 0;
			shellPath = /bin/sh;
			shellScript = "diff \"${PODS_PODFILE_DIR_PATH}/Podfile.lock\" \"${PODS_ROOT}/Manifest.lock\" > /dev/null\nif [ $? != 0 ] ; then\n    # print error to STDERR\n    echo \"error: The sandbox is not in sync with the Podfile.lock. Run 'pod install' or update your CocoaPods installation.\" >&2\n    exit 1\nfi\n# This output is used by Xcode 'outputs' to avoid re-running this script phase.\necho \"SUCCESS\" > \"${SCRIPT_OUTPUT_FILE_0}\"\n";
			showEnvVarsInLog = 0;
		};
		9AD387B00CFAB14300F414BA /* [CP] Embed Pods Frameworks */ = {
			isa = PBXShellScriptBuildPhase;
			buildActionMask = 2147483647;
			files = (
			);
			inputPaths = (
			);
			name = "[CP] Embed Pods Frameworks";
			outputPaths = (
			);
			runOnlyForDeploymentPostprocessing = 0;
			shellPath = /bin/sh;
			shellScript = "\"${SRCROOT}/Pods/Target Support Files/Pods-Tinder/Pods-Tinder-frameworks.sh\"\n";
			showEnvVarsInLog = 0;
		};
		AC1F367832AAB1CDF025AEA8 /* [CP] Embed Pods Frameworks */ = {
			isa = PBXShellScriptBuildPhase;
			buildActionMask = 2147483647;
			files = (
			);
			inputPaths = (
			);
			name = "[CP] Embed Pods Frameworks";
			outputPaths = (
			);
			runOnlyForDeploymentPostprocessing = 0;
			shellPath = /bin/sh;
			shellScript = "\"${SRCROOT}/Pods/Target Support Files/Pods-TinderTests/Pods-TinderTests-frameworks.sh\"\n";
			showEnvVarsInLog = 0;
		};
		DD742D1600D6BFFEEA473175 /* [CP] Copy Pods Resources */ = {
			isa = PBXShellScriptBuildPhase;
			buildActionMask = 2147483647;
			files = (
			);
			inputPaths = (
			);
			name = "[CP] Copy Pods Resources";
			outputPaths = (
			);
			runOnlyForDeploymentPostprocessing = 0;
			shellPath = /bin/sh;
			shellScript = "\"${SRCROOT}/Pods/Target Support Files/Pods-Tinder/Pods-Tinder-resources.sh\"\n";
			showEnvVarsInLog = 0;
		};
		EAF41038A48A7BD6C8035976 /* [CP] Embed Pods Frameworks */ = {
			isa = PBXShellScriptBuildPhase;
			buildActionMask = 2147483647;
			files = (
			);
			inputPaths = (
			);
			name = "[CP] Embed Pods Frameworks";
			outputPaths = (
			);
			runOnlyForDeploymentPostprocessing = 0;
			shellPath = /bin/sh;
			shellScript = "\"${SRCROOT}/Pods/Target Support Files/Pods-TinderUITests/Pods-TinderUITests-frameworks.sh\"\n";
			showEnvVarsInLog = 0;
		};
/* End PBXShellScriptBuildPhase section */

/* Begin PBXSourcesBuildPhase section */
		1763F87C209B90B200A49923 /* Sources */ = {
			isa = PBXSourcesBuildPhase;
			buildActionMask = 2147483647;
			files = (
				1763F886209B90B200A49923 /* ViewController.swift in Sources */,
				1763F884209B90B200A49923 /* AppDelegate.swift in Sources */,
				1763F8B4209B949800A49923 /* CardsViewController.swift in Sources */,
			);
			runOnlyForDeploymentPostprocessing = 0;
		};
		1763F890209B90B200A49923 /* Sources */ = {
			isa = PBXSourcesBuildPhase;
			buildActionMask = 2147483647;
			files = (
				1763F899209B90B200A49923 /* TinderTests.swift in Sources */,
			);
			runOnlyForDeploymentPostprocessing = 0;
		};
		1763F89B209B90B200A49923 /* Sources */ = {
			isa = PBXSourcesBuildPhase;
			buildActionMask = 2147483647;
			files = (
				1763F8A4209B90B200A49923 /* TinderUITests.swift in Sources */,
			);
			runOnlyForDeploymentPostprocessing = 0;
		};
/* End PBXSourcesBuildPhase section */

/* Begin PBXTargetDependency section */
		1763F896209B90B200A49923 /* PBXTargetDependency */ = {
			isa = PBXTargetDependency;
			target = 1763F87F209B90B200A49923 /* Tinder */;
			targetProxy = 1763F895209B90B200A49923 /* PBXContainerItemProxy */;
		};
		1763F8A1209B90B200A49923 /* PBXTargetDependency */ = {
			isa = PBXTargetDependency;
			target = 1763F87F209B90B200A49923 /* Tinder */;
			targetProxy = 1763F8A0209B90B200A49923 /* PBXContainerItemProxy */;
		};
/* End PBXTargetDependency section */

/* Begin PBXVariantGroup section */
		1763F887209B90B200A49923 /* Main.storyboard */ = {
			isa = PBXVariantGroup;
			children = (
				1763F888209B90B200A49923 /* Base */,
			);
			name = Main.storyboard;
			sourceTree = "<group>";
		};
		1763F88C209B90B200A49923 /* LaunchScreen.storyboard */ = {
			isa = PBXVariantGroup;
			children = (
				1763F88D209B90B200A49923 /* Base */,
			);
			name = LaunchScreen.storyboard;
			sourceTree = "<group>";
		};
/* End PBXVariantGroup section */

/* Begin XCBuildConfiguration section */
		1763F8A6209B90B200A49923 /* Debug */ = {
			isa = XCBuildConfiguration;
			buildSettings = {
				ALWAYS_SEARCH_USER_PATHS = NO;
				CLANG_ANALYZER_NONNULL = YES;
				CLANG_ANALYZER_NUMBER_OBJECT_CONVERSION = YES_AGGRESSIVE;
				CLANG_CXX_LANGUAGE_STANDARD = "gnu++14";
				CLANG_CXX_LIBRARY = "libc++";
				CLANG_ENABLE_MODULES = YES;
				CLANG_ENABLE_OBJC_ARC = YES;
				CLANG_WARN_BLOCK_CAPTURE_AUTORELEASING = YES;
				CLANG_WARN_BOOL_CONVERSION = YES;
				CLANG_WARN_COMMA = YES;
				CLANG_WARN_CONSTANT_CONVERSION = YES;
				CLANG_WARN_DIRECT_OBJC_ISA_USAGE = YES_ERROR;
				CLANG_WARN_DOCUMENTATION_COMMENTS = YES;
				CLANG_WARN_EMPTY_BODY = YES;
				CLANG_WARN_ENUM_CONVERSION = YES;
				CLANG_WARN_INFINITE_RECURSION = YES;
				CLANG_WARN_INT_CONVERSION = YES;
				CLANG_WARN_NON_LITERAL_NULL_CONVERSION = YES;
				CLANG_WARN_OBJC_LITERAL_CONVERSION = YES;
				CLANG_WARN_OBJC_ROOT_CLASS = YES_ERROR;
				CLANG_WARN_RANGE_LOOP_ANALYSIS = YES;
				CLANG_WARN_STRICT_PROTOTYPES = YES;
				CLANG_WARN_SUSPICIOUS_MOVE = YES;
				CLANG_WARN_UNGUARDED_AVAILABILITY = YES_AGGRESSIVE;
				CLANG_WARN_UNREACHABLE_CODE = YES;
				CLANG_WARN__DUPLICATE_METHOD_MATCH = YES;
				CODE_SIGN_IDENTITY = "iPhone Developer";
				COPY_PHASE_STRIP = NO;
				DEBUG_INFORMATION_FORMAT = dwarf;
				ENABLE_STRICT_OBJC_MSGSEND = YES;
				ENABLE_TESTABILITY = YES;
				GCC_C_LANGUAGE_STANDARD = gnu11;
				GCC_DYNAMIC_NO_PIC = NO;
				GCC_NO_COMMON_BLOCKS = YES;
				GCC_OPTIMIZATION_LEVEL = 0;
				GCC_PREPROCESSOR_DEFINITIONS = (
					"DEBUG=1",
					"$(inherited)",
				);
				GCC_WARN_64_TO_32_BIT_CONVERSION = YES;
				GCC_WARN_ABOUT_RETURN_TYPE = YES_ERROR;
				GCC_WARN_UNDECLARED_SELECTOR = YES;
				GCC_WARN_UNINITIALIZED_AUTOS = YES_AGGRESSIVE;
				GCC_WARN_UNUSED_FUNCTION = YES;
				GCC_WARN_UNUSED_VARIABLE = YES;
				IPHONEOS_DEPLOYMENT_TARGET = 11.2;
				MTL_ENABLE_DEBUG_INFO = YES;
				ONLY_ACTIVE_ARCH = YES;
				SDKROOT = iphoneos;
				SWIFT_ACTIVE_COMPILATION_CONDITIONS = DEBUG;
				SWIFT_OPTIMIZATION_LEVEL = "-Onone";
			};
			name = Debug;
		};
		1763F8A7209B90B200A49923 /* Release */ = {
			isa = XCBuildConfiguration;
			buildSettings = {
				ALWAYS_SEARCH_USER_PATHS = NO;
				CLANG_ANALYZER_NONNULL = YES;
				CLANG_ANALYZER_NUMBER_OBJECT_CONVERSION = YES_AGGRESSIVE;
				CLANG_CXX_LANGUAGE_STANDARD = "gnu++14";
				CLANG_CXX_LIBRARY = "libc++";
				CLANG_ENABLE_MODULES = YES;
				CLANG_ENABLE_OBJC_ARC = YES;
				CLANG_WARN_BLOCK_CAPTURE_AUTORELEASING = YES;
				CLANG_WARN_BOOL_CONVERSION = YES;
				CLANG_WARN_COMMA = YES;
				CLANG_WARN_CONSTANT_CONVERSION = YES;
				CLANG_WARN_DIRECT_OBJC_ISA_USAGE = YES_ERROR;
				CLANG_WARN_DOCUMENTATION_COMMENTS = YES;
				CLANG_WARN_EMPTY_BODY = YES;
				CLANG_WARN_ENUM_CONVERSION = YES;
				CLANG_WARN_INFINITE_RECURSION = YES;
				CLANG_WARN_INT_CONVERSION = YES;
				CLANG_WARN_NON_LITERAL_NULL_CONVERSION = YES;
				CLANG_WARN_OBJC_LITERAL_CONVERSION = YES;
				CLANG_WARN_OBJC_ROOT_CLASS = YES_ERROR;
				CLANG_WARN_RANGE_LOOP_ANALYSIS = YES;
				CLANG_WARN_STRICT_PROTOTYPES = YES;
				CLANG_WARN_SUSPICIOUS_MOVE = YES;
				CLANG_WARN_UNGUARDED_AVAILABILITY = YES_AGGRESSIVE;
				CLANG_WARN_UNREACHABLE_CODE = YES;
				CLANG_WARN__DUPLICATE_METHOD_MATCH = YES;
				CODE_SIGN_IDENTITY = "iPhone Developer";
				COPY_PHASE_STRIP = NO;
				DEBUG_INFORMATION_FORMAT = "dwarf-with-dsym";
				ENABLE_NS_ASSERTIONS = NO;
				ENABLE_STRICT_OBJC_MSGSEND = YES;
				GCC_C_LANGUAGE_STANDARD = gnu11;
				GCC_NO_COMMON_BLOCKS = YES;
				GCC_WARN_64_TO_32_BIT_CONVERSION = YES;
				GCC_WARN_ABOUT_RETURN_TYPE = YES_ERROR;
				GCC_WARN_UNDECLARED_SELECTOR = YES;
				GCC_WARN_UNINITIALIZED_AUTOS = YES_AGGRESSIVE;
				GCC_WARN_UNUSED_FUNCTION = YES;
				GCC_WARN_UNUSED_VARIABLE = YES;
				IPHONEOS_DEPLOYMENT_TARGET = 11.2;
				MTL_ENABLE_DEBUG_INFO = NO;
				SDKROOT = iphoneos;
				SWIFT_OPTIMIZATION_LEVEL = "-Owholemodule";
				VALIDATE_PRODUCT = YES;
			};
			name = Release;
		};
		1763F8A9209B90B200A49923 /* Debug */ = {
			isa = XCBuildConfiguration;
			baseConfigurationReference = F6026B7308B0672A044D4DF5 /* Pods-Tinder.debug.xcconfig */;
			buildSettings = {
				ASSETCATALOG_COMPILER_APPICON_NAME = AppIcon;
				CODE_SIGN_STYLE = Automatic;
				INFOPLIST_FILE = Tinder/Info.plist;
				LD_RUNPATH_SEARCH_PATHS = "$(inherited) @executable_path/Frameworks";
				PRODUCT_BUNDLE_IDENTIFIER = cst495.Tinder;
				PRODUCT_NAME = "$(TARGET_NAME)";
				SWIFT_VERSION = 4.0;
				TARGETED_DEVICE_FAMILY = "1,2";
			};
			name = Debug;
		};
		1763F8AA209B90B200A49923 /* Release */ = {
			isa = XCBuildConfiguration;
			baseConfigurationReference = 59FF09804DFE5643EA6C07EA /* Pods-Tinder.release.xcconfig */;
			buildSettings = {
				ASSETCATALOG_COMPILER_APPICON_NAME = AppIcon;
				CODE_SIGN_STYLE = Automatic;
				INFOPLIST_FILE = Tinder/Info.plist;
				LD_RUNPATH_SEARCH_PATHS = "$(inherited) @executable_path/Frameworks";
				PRODUCT_BUNDLE_IDENTIFIER = cst495.Tinder;
				PRODUCT_NAME = "$(TARGET_NAME)";
				SWIFT_VERSION = 4.0;
				TARGETED_DEVICE_FAMILY = "1,2";
			};
			name = Release;
		};
		1763F8AC209B90B200A49923 /* Debug */ = {
			isa = XCBuildConfiguration;
			baseConfigurationReference = D2A2324EBC88098AD58E02C2 /* Pods-TinderTests.debug.xcconfig */;
			buildSettings = {
				ALWAYS_EMBED_SWIFT_STANDARD_LIBRARIES = YES;
				BUNDLE_LOADER = "$(TEST_HOST)";
				CODE_SIGN_STYLE = Automatic;
				INFOPLIST_FILE = TinderTests/Info.plist;
				LD_RUNPATH_SEARCH_PATHS = "$(inherited) @executable_path/Frameworks @loader_path/Frameworks";
				PRODUCT_BUNDLE_IDENTIFIER = cst495.TinderTests;
				PRODUCT_NAME = "$(TARGET_NAME)";
				SWIFT_VERSION = 4.0;
				TARGETED_DEVICE_FAMILY = "1,2";
				TEST_HOST = "$(BUILT_PRODUCTS_DIR)/Tinder.app/Tinder";
			};
			name = Debug;
		};
		1763F8AD209B90B200A49923 /* Release */ = {
			isa = XCBuildConfiguration;
			baseConfigurationReference = 71B92EDF570A147A262063C7 /* Pods-TinderTests.release.xcconfig */;
			buildSettings = {
				ALWAYS_EMBED_SWIFT_STANDARD_LIBRARIES = YES;
				BUNDLE_LOADER = "$(TEST_HOST)";
				CODE_SIGN_STYLE = Automatic;
				INFOPLIST_FILE = TinderTests/Info.plist;
				LD_RUNPATH_SEARCH_PATHS = "$(inherited) @executable_path/Frameworks @loader_path/Frameworks";
				PRODUCT_BUNDLE_IDENTIFIER = cst495.TinderTests;
				PRODUCT_NAME = "$(TARGET_NAME)";
				SWIFT_VERSION = 4.0;
				TARGETED_DEVICE_FAMILY = "1,2";
				TEST_HOST = "$(BUILT_PRODUCTS_DIR)/Tinder.app/Tinder";
			};
			name = Release;
		};
		1763F8AF209B90B200A49923 /* Debug */ = {
			isa = XCBuildConfiguration;
			baseConfigurationReference = A3CC2D29DFEC7DBED482E12F /* Pods-TinderUITests.debug.xcconfig */;
			buildSettings = {
				ALWAYS_EMBED_SWIFT_STANDARD_LIBRARIES = YES;
				CODE_SIGN_STYLE = Automatic;
				INFOPLIST_FILE = TinderUITests/Info.plist;
				LD_RUNPATH_SEARCH_PATHS = "$(inherited) @executable_path/Frameworks @loader_path/Frameworks";
				PRODUCT_BUNDLE_IDENTIFIER = cst495.TinderUITests;
				PRODUCT_NAME = "$(TARGET_NAME)";
				SWIFT_VERSION = 4.0;
				TARGETED_DEVICE_FAMILY = "1,2";
				TEST_TARGET_NAME = Tinder;
			};
			name = Debug;
		};
		1763F8B0209B90B200A49923 /* Release */ = {
			isa = XCBuildConfiguration;
			baseConfigurationReference = DB746CFDFE445755542D9AA9 /* Pods-TinderUITests.release.xcconfig */;
			buildSettings = {
				ALWAYS_EMBED_SWIFT_STANDARD_LIBRARIES = YES;
				CODE_SIGN_STYLE = Automatic;
				INFOPLIST_FILE = TinderUITests/Info.plist;
				LD_RUNPATH_SEARCH_PATHS = "$(inherited) @executable_path/Frameworks @loader_path/Frameworks";
				PRODUCT_BUNDLE_IDENTIFIER = cst495.TinderUITests;
				PRODUCT_NAME = "$(TARGET_NAME)";
				SWIFT_VERSION = 4.0;
				TARGETED_DEVICE_FAMILY = "1,2";
				TEST_TARGET_NAME = Tinder;
			};
			name = Release;
		};
/* End XCBuildConfiguration section */

/* Begin XCConfigurationList section */
		1763F87B209B90B200A49923 /* Build configuration list for PBXProject "Tinder" */ = {
			isa = XCConfigurationList;
			buildConfigurations = (
				1763F8A6209B90B200A49923 /* Debug */,
				1763F8A7209B90B200A49923 /* Release */,
			);
			defaultConfigurationIsVisible = 0;
			defaultConfigurationName = Release;
		};
		1763F8A8209B90B200A49923 /* Build configuration list for PBXNativeTarget "Tinder" */ = {
			isa = XCConfigurationList;
			buildConfigurations = (
				1763F8A9209B90B200A49923 /* Debug */,
				1763F8AA209B90B200A49923 /* Release */,
			);
			defaultConfigurationIsVisible = 0;
			defaultConfigurationName = Release;
		};
		1763F8AB209B90B200A49923 /* Build configuration list for PBXNativeTarget "TinderTests" */ = {
			isa = XCConfigurationList;
			buildConfigurations = (
				1763F8AC209B90B200A49923 /* Debug */,
				1763F8AD209B90B200A49923 /* Release */,
			);
			defaultConfigurationIsVisible = 0;
			defaultConfigurationName = Release;
		};
		1763F8AE209B90B200A49923 /* Build configuration list for PBXNativeTarget "TinderUITests" */ = {
			isa = XCConfigurationList;
			buildConfigurations = (
				1763F8AF209B90B200A49923 /* Debug */,
				1763F8B0209B90B200A49923 /* Release */,
			);
			defaultConfigurationIsVisible = 0;
			defaultConfigurationName = Release;
		};
/* End XCConfigurationList section */
	};
	rootObject = 1763F878209B90B200A49923 /* Project object */;
}
